
Microsoft Visual Studio Solution File, Format Version 12.00
# Visual Studio Version 17
VisualStudioVersion = 17.0.31903.59
MinimumVisualStudioVersion = 10.0.40219.1
Project("{9A19103F-16F7-4668-BE54-9A1E7A4F7556}") = "EvolveJourneyLog.Api", "EvolveJourneyLog.api\EvolveJourneyLog.Api.csproj", "{48357CDB-F1B8-441F-84EE-0EBA7DEBE2EE}"
EndProject
Project("{9A19103F-16F7-4668-BE54-9A1E7A4F7556}") = "EvolveJourneyLog.Tests", "EvolveJourneyLog.Tests\EvolveJourneyLog.Tests.csproj", "{3D14C3A3-8813-429C-9F3D-510665EEDA19}"
EndProject
Project("{9A19103F-16F7-4668-BE54-9A1E7A4F7556}") = "EvolveJourneyLog.Core", "EvolveJourneyLog.Core\EvolveJourneyLog.Core.csproj", "{48550EE1-D649-45DC-95B0-E28FE5D66D55}"
EndProject
Project("{00D1A9C2-B5F0-4AF3-8072-F6C62B433612}") = "EvolveJourneyLog.Database", "EvolveJourneyLog.Database\EvolveJourneyLog.Database.sqlproj", "{CCA1E3B0-44E9-40A6-87B7-BC6775036FA2}"
EndProject
Project("{9A19103F-16F7-4668-BE54-9A1E7A4F7556}") = "EvolveJourneyLog.Database.Build", "EvolveJourneyLog.Database.Build\EvolveJourneyLog.Database.Build.csproj", "{2382E374-C549-4668-A8AD-278C2CADAFEF}"
EndProject
Project("{9A19103F-16F7-4668-BE54-9A1E7A4F7556}") = "EvolveJourneyLog.Cli", "EvolveJourneyLog.Cli\EvolveJourneyLog.Cli.csproj", "{2E427B61-3E54-4618-BA69-D9EB82BC7271}"
EndProject
Global
	GlobalSection(SolutionConfigurationPlatforms) = preSolution
		Debug|Any CPU = Debug|Any CPU
		Release|Any CPU = Release|Any CPU
	EndGlobalSection
	GlobalSection(ProjectConfigurationPlatforms) = postSolution
		{48357CDB-F1B8-441F-84EE-0EBA7DEBE2EE}.Debug|Any CPU.ActiveCfg = Debug|Any CPU
		{48357CDB-F1B8-441F-84EE-0EBA7DEBE2EE}.Debug|Any CPU.Build.0 = Debug|Any CPU
		{48357CDB-F1B8-441F-84EE-0EBA7DEBE2EE}.Release|Any CPU.ActiveCfg = Release|Any CPU
		{48357CDB-F1B8-441F-84EE-0EBA7DEBE2EE}.Release|Any CPU.Build.0 = Release|Any CPU
		{3D14C3A3-8813-429C-9F3D-510665EEDA19}.Debug|Any CPU.ActiveCfg = Debug|Any CPU
		{3D14C3A3-8813-429C-9F3D-510665EEDA19}.Debug|Any CPU.Build.0 = Debug|Any CPU
		{3D14C3A3-8813-429C-9F3D-510665EEDA19}.Release|Any CPU.ActiveCfg = Release|Any CPU
		{3D14C3A3-8813-429C-9F3D-510665EEDA19}.Release|Any CPU.Build.0 = Release|Any CPU
		{48550EE1-D649-45DC-95B0-E28FE5D66D55}.Debug|Any CPU.ActiveCfg = Debug|Any CPU
		{48550EE1-D649-45DC-95B0-E28FE5D66D55}.Debug|Any CPU.Build.0 = Debug|Any CPU
		{48550EE1-D649-45DC-95B0-E28FE5D66D55}.Release|Any CPU.ActiveCfg = Release|Any CPU
		{48550EE1-D649-45DC-95B0-E28FE5D66D55}.Release|Any CPU.Build.0 = Release|Any CPU
		{CCA1E3B0-44E9-40A6-87B7-BC6775036FA2}.Debug|Any CPU.ActiveCfg = Debug|Any CPU
		{CCA1E3B0-44E9-40A6-87B7-BC6775036FA2}.Debug|Any CPU.Build.0 = Debug|Any CPU
		{CCA1E3B0-44E9-40A6-87B7-BC6775036FA2}.Debug|Any CPU.Deploy.0 = Debug|Any CPU
		{CCA1E3B0-44E9-40A6-87B7-BC6775036FA2}.Release|Any CPU.ActiveCfg = Release|Any CPU
		{CCA1E3B0-44E9-40A6-87B7-BC6775036FA2}.Release|Any CPU.Build.0 = Release|Any CPU
		{CCA1E3B0-44E9-40A6-87B7-BC6775036FA2}.Release|Any CPU.Deploy.0 = Release|Any CPU
		{2382E374-C549-4668-A8AD-278C2CADAFEF}.Debug|Any CPU.ActiveCfg = Debug|Any CPU
		{2382E374-C549-4668-A8AD-278C2CADAFEF}.Debug|Any CPU.Build.0 = Debug|Any CPU
		{2382E374-C549-4668-A8AD-278C2CADAFEF}.Release|Any CPU.ActiveCfg = Release|Any CPU
		{2382E374-C549-4668-A8AD-278C2CADAFEF}.Release|Any CPU.Build.0 = Release|Any CPU
		{2E427B61-3E54-4618-BA69-D9EB82BC7271}.Debug|Any CPU.ActiveCfg = Debug|Any CPU
		{2E427B61-3E54-4618-BA69-D9EB82BC7271}.Debug|Any CPU.Build.0 = Debug|Any CPU
		{2E427B61-3E54-4618-BA69-D9EB82BC7271}.Release|Any CPU.ActiveCfg = Release|Any CPU
		{2E427B61-3E54-4618-BA69-D9EB82BC7271}.Release|Any CPU.Build.0 = Release|Any CPU
	EndGlobalSection
	GlobalSection(SolutionProperties) = preSolution
		HideSolutionNode = FALSE
	EndGlobalSection
	GlobalSection(ExtensibilityGlobals) = postSolution
		SolutionGuid = {B0F96913-B9ED-4F54-A8AB-2CCB0F5B5ADA}
	EndGlobalSection
EndGlobal
